
Microsoft Visual Studio Solution File, Format Version 12.00
# Visual Studio Version 17
VisualStudioVersion = 17.0.31903.59
MinimumVisualStudioVersion = 10.0.40219.1
Project("{FAE04EC0-301F-11D3-BF4B-00C04F79EFBC}") = "Player2", "Player2\Player2.csproj", "{59F4DE07-DBC3-42C5-BDE7-568496A3A529}"
EndProject
Project("{FAE04EC0-301F-11D3-BF4B-00C04F79EFBC}") = "Player1", "Player1\Player1.csproj", "{DC133C45-A77A-457F-A202-3A68A2C8EEAD}"
EndProject
Global
	GlobalSection(SolutionConfigurationPlatforms) = preSolution
		Debug|Any CPU = Debug|Any CPU
		Debug|x64 = Debug|x64
		Debug|x86 = Debug|x86
		Release|Any CPU = Release|Any CPU
		Release|x64 = Release|x64
		Release|x86 = Release|x86
	EndGlobalSection
	GlobalSection(ProjectConfigurationPlatforms) = postSolution
		{59F4DE07-DBC3-42C5-BDE7-568496A3A529}.Debug|Any CPU.ActiveCfg = Debug|Any CPU
		{59F4DE07-DBC3-42C5-BDE7-568496A3A529}.Debug|Any CPU.Build.0 = Debug|Any CPU
		{59F4DE07-DBC3-42C5-BDE7-568496A3A529}.Debug|x64.ActiveCfg = Debug|Any CPU
		{59F4DE07-DBC3-42C5-BDE7-568496A3A529}.Debug|x64.Build.0 = Debug|Any CPU
		{59F4DE07-DBC3-42C5-BDE7-568496A3A529}.Debug|x86.ActiveCfg = Debug|Any CPU
		{59F4DE07-DBC3-42C5-BDE7-568496A3A529}.Debug|x86.Build.0 = Debug|Any CPU
		{59F4DE07-DBC3-42C5-BDE7-568496A3A529}.Release|Any CPU.ActiveCfg = Release|Any CPU
		{59F4DE07-DBC3-42C5-BDE7-568496A3A529}.Release|Any CPU.Build.0 = Release|Any CPU
		{59F4DE07-DBC3-42C5-BDE7-568496A3A529}.Release|x64.ActiveCfg = Release|Any CPU
		{59F4DE07-DBC3-42C5-BDE7-568496A3A529}.Release|x64.Build.0 = Release|Any CPU
		{59F4DE07-DBC3-42C5-BDE7-568496A3A529}.Release|x86.ActiveCfg = Release|Any CPU
		{59F4DE07-DBC3-42C5-BDE7-568496A3A529}.Release|x86.Build.0 = Release|Any CPU
		{DC133C45-A77A-457F-A202-3A68A2C8EEAD}.Debug|Any CPU.ActiveCfg = Debug|Any CPU
		{DC133C45-A77A-457F-A202-3A68A2C8EEAD}.Debug|Any CPU.Build.0 = Debug|Any CPU
		{DC133C45-A77A-457F-A202-3A68A2C8EEAD}.Debug|x64.ActiveCfg = Debug|Any CPU
		{DC133C45-A77A-457F-A202-3A68A2C8EEAD}.Debug|x64.Build.0 = Debug|Any CPU
		{DC133C45-A77A-457F-A202-3A68A2C8EEAD}.Debug|x86.ActiveCfg = Debug|Any CPU
		{DC133C45-A77A-457F-A202-3A68A2C8EEAD}.Debug|x86.Build.0 = Debug|Any CPU
		{DC133C45-A77A-457F-A202-3A68A2C8EEAD}.Release|Any CPU.ActiveCfg = Release|Any CPU
		{DC133C45-A77A-457F-A202-3A68A2C8EEAD}.Release|Any CPU.Build.0 = Release|Any CPU
		{DC133C45-A77A-457F-A202-3A68A2C8EEAD}.Release|x64.ActiveCfg = Release|Any CPU
		{DC133C45-A77A-457F-A202-3A68A2C8EEAD}.Release|x64.Build.0 = Release|Any CPU
		{DC133C45-A77A-457F-A202-3A68A2C8EEAD}.Release|x86.ActiveCfg = Release|Any CPU
		{DC133C45-A77A-457F-A202-3A68A2C8EEAD}.Release|x86.Build.0 = Release|Any CPU
	EndGlobalSection
	GlobalSection(SolutionProperties) = preSolution
		HideSolutionNode = FALSE
	EndGlobalSection
EndGlobal
